// !$*UTF8*$!
{
	archiveVersion = 1;
	classes = {
	};
	objectVersion = 45;
	objects = {

/* Begin PBXBuildFile section */
		1D3623260D0F684500981E51 /* RurimaphoneAppDelegate.m in Sources */ = {isa = PBXBuildFile; fileRef = 1D3623250D0F684500981E51 /* RurimaphoneAppDelegate.m */; };
		1D60589B0D05DD56006BFB54 /* main.m in Sources */ = {isa = PBXBuildFile; fileRef = 29B97316FDCFA39411CA2CEA /* main.m */; };
		1D60589F0D05DD5A006BFB54 /* Foundation.framework in Frameworks */ = {isa = PBXBuildFile; fileRef = 1D30AB110D05D00D00671497 /* Foundation.framework */; };
		1DF5F4E00D08C38300B7A737 /* UIKit.framework in Frameworks */ = {isa = PBXBuildFile; fileRef = 1DF5F4DF0D08C38300B7A737 /* UIKit.framework */; };
		2892E4100DC94CBA00A64D0F /* CoreGraphics.framework in Frameworks */ = {isa = PBXBuildFile; fileRef = 2892E40F0DC94CBA00A64D0F /* CoreGraphics.framework */; };
		28AD73600D9D9599002E5188 /* MainWindow.xib in Resources */ = {isa = PBXBuildFile; fileRef = 28AD735F0D9D9599002E5188 /* MainWindow.xib */; };
		28C286E10D94DF7D0034E888 /* RootViewController.m in Sources */ = {isa = PBXBuildFile; fileRef = 28C286E00D94DF7D0034E888 /* RootViewController.m */; };
		28F335F11007B36200424DE2 /* RootViewController.xib in Resources */ = {isa = PBXBuildFile; fileRef = 28F335F01007B36200424DE2 /* RootViewController.xib */; };
		922E0F241042CAF00066762C /* MethodViewController.m in Sources */ = {isa = PBXBuildFile; fileRef = 922E0F231042CAF00066762C /* MethodViewController.m */; };
		92342C3B104312B80087A2CD /* CodeSearchResultViewController.m in Sources */ = {isa = PBXBuildFile; fileRef = 92342C3A104312B80087A2CD /* CodeSearchResultViewController.m */; };
		92342C67104314BC0087A2CD /* CodeSearchResultView.xib in Resources */ = {isa = PBXBuildFile; fileRef = 92342C66104314BC0087A2CD /* CodeSearchResultView.xib */; };
		92342C991043164D0087A2CD /* CodeSearchViewController.m in Sources */ = {isa = PBXBuildFile; fileRef = 92342C971043164D0087A2CD /* CodeSearchViewController.m */; };
		92342C9A1043164D0087A2CD /* CodeSearchViewController.xib in Resources */ = {isa = PBXBuildFile; fileRef = 92342C981043164D0087A2CD /* CodeSearchViewController.xib */; };
		92519263104360FC00F8627C /* 08-chat.png in Resources */ = {isa = PBXBuildFile; fileRef = 92519262104360FC00F8627C /* 08-chat.png */; };
		925192671043612700F8627C /* 23-bird.png in Resources */ = {isa = PBXBuildFile; fileRef = 925192661043612700F8627C /* 23-bird.png */; };
		925192691043613300F8627C /* 06-magnifying-glass.png in Resources */ = {isa = PBXBuildFile; fileRef = 925192681043613300F8627C /* 06-magnifying-glass.png */; };
		92519278104361E900F8627C /* TweetView.xib in Resources */ = {isa = PBXBuildFile; fileRef = 92519277104361E900F8627C /* TweetView.xib */; };
		9251927B104361F800F8627C /* TweetViewController.m in Sources */ = {isa = PBXBuildFile; fileRef = 9251927A104361F800F8627C /* TweetViewController.m */; };
		92BB0F111042F204008627CB /* RurimaIcon.png in Resources */ = {isa = PBXBuildFile; fileRef = 92BB0F101042F204008627CB /* RurimaIcon.png */; };
		92BB0F6310430035008627CB /* ClassView.xib in Resources */ = {isa = PBXBuildFile; fileRef = 92BB0F6210430035008627CB /* ClassView.xib */; };
		92BB0F9B10430284008627CB /* MethodView.xib in Resources */ = {isa = PBXBuildFile; fileRef = 92BB0F9A10430284008627CB /* MethodView.xib */; };
		92BB0FEE10430574008627CB /* Settings.bundle in Resources */ = {isa = PBXBuildFile; fileRef = 92BB0FED10430574008627CB /* Settings.bundle */; };
		B9BCA58C10428E3900ABFC42 /* Database.m in Sources */ = {isa = PBXBuildFile; fileRef = B9BCA58B10428E3900ABFC42 /* Database.m */; };
		B9BCA6F11042A3CE00ABFC42 /* rurima.db in Resources */ = {isa = PBXBuildFile; fileRef = B9BCA6F01042A3CE00ABFC42 /* rurima.db */; };
		B9BCA71D1042A58200ABFC42 /* libsqlite3.dylib in Frameworks */ = {isa = PBXBuildFile; fileRef = B9BCA71C1042A58200ABFC42 /* libsqlite3.dylib */; };
		B9BCA80B1042AE1900ABFC42 /* ClassViewController.m in Sources */ = {isa = PBXBuildFile; fileRef = B9BCA80A1042AE1900ABFC42 /* ClassViewController.m */; };
		B9F872091043F01F003E00A1 /* 06-magnifying-glass.png in Resources */ = {isa = PBXBuildFile; fileRef = 925192681043613300F8627C /* 06-magnifying-glass.png */; };
		B9F8720A1043F020003E00A1 /* 08-chat.png in Resources */ = {isa = PBXBuildFile; fileRef = 92519262104360FC00F8627C /* 08-chat.png */; };
		B9F8720B1043F021003E00A1 /* 23-bird.png in Resources */ = {isa = PBXBuildFile; fileRef = 925192661043612700F8627C /* 23-bird.png */; };
		B9F8720C1043F021003E00A1 /* 69-display.png in Resources */ = {isa = PBXBuildFile; fileRef = B9F871F21043EE79003E00A1 /* 69-display.png */; };
		B9F8720D1043F022003E00A1 /* 96-book.png in Resources */ = {isa = PBXBuildFile; fileRef = B9F871F41043EEA4003E00A1 /* 96-book.png */; };
		B9F8720E1043F022003E00A1 /* 98-palette.png in Resources */ = {isa = PBXBuildFile; fileRef = B9F871F31043EEA4003E00A1 /* 98-palette.png */; };
		B9F8720F1043F024003E00A1 /* ClassView.xib in Resources */ = {isa = PBXBuildFile; fileRef = 92BB0F6210430035008627CB /* ClassView.xib */; };
		B9F872101043F025003E00A1 /* CodeSearchResultView.xib in Resources */ = {isa = PBXBuildFile; fileRef = 92342C66104314BC0087A2CD /* CodeSearchResultView.xib */; };
		B9F872111043F026003E00A1 /* CodeSearchViewController.xib in Resources */ = {isa = PBXBuildFile; fileRef = 92342C981043164D0087A2CD /* CodeSearchViewController.xib */; };
		B9F872121043F027003E00A1 /* editSample.png in Resources */ = {isa = PBXBuildFile; fileRef = B9F871F51043EFB9003E00A1 /* editSample.png */; };
		B9F872131043F027003E00A1 /* MainWindow.xib in Resources */ = {isa = PBXBuildFile; fileRef = 28AD735F0D9D9599002E5188 /* MainWindow.xib */; };
		B9F872141043F028003E00A1 /* MethodView.xib in Resources */ = {isa = PBXBuildFile; fileRef = 92BB0F9A10430284008627CB /* MethodView.xib */; };
		B9F872151043F029003E00A1 /* RootViewController.xib in Resources */ = {isa = PBXBuildFile; fileRef = 28F335F01007B36200424DE2 /* RootViewController.xib */; };
		B9F872161043F029003E00A1 /* rurima.db in Resources */ = {isa = PBXBuildFile; fileRef = B9BCA6F01042A3CE00ABFC42 /* rurima.db */; };
		B9F872171043F02C003E00A1 /* RurimaIcon.png in Resources */ = {isa = PBXBuildFile; fileRef = 92BB0F101042F204008627CB /* RurimaIcon.png */; };
		B9F872191043F02E003E00A1 /* TabbedMainWindow.xib in Resources */ = {isa = PBXBuildFile; fileRef = B9F871F01043ED92003E00A1 /* TabbedMainWindow.xib */; };
		B9F8721A1043F02F003E00A1 /* TweetView.xib in Resources */ = {isa = PBXBuildFile; fileRef = 92519277104361E900F8627C /* TweetView.xib */; };
/* End PBXBuildFile section */

/* Begin PBXFileReference section */
		1D30AB110D05D00D00671497 /* Foundation.framework */ = {isa = PBXFileReference; lastKnownFileType = wrapper.framework; name = Foundation.framework; path = System/Library/Frameworks/Foundation.framework; sourceTree = SDKROOT; };
		1D3623240D0F684500981E51 /* RurimaphoneAppDelegate.h */ = {isa = PBXFileReference; fileEncoding = 4; lastKnownFileType = sourcecode.c.h; path = RurimaphoneAppDelegate.h; sourceTree = "<group>"; };
		1D3623250D0F684500981E51 /* RurimaphoneAppDelegate.m */ = {isa = PBXFileReference; fileEncoding = 4; lastKnownFileType = sourcecode.c.objc; path = RurimaphoneAppDelegate.m; sourceTree = "<group>"; };
		1D6058910D05DD3D006BFB54 /* Rurimaphone.app */ = {isa = PBXFileReference; explicitFileType = wrapper.application; includeInIndex = 0; path = Rurimaphone.app; sourceTree = BUILT_PRODUCTS_DIR; };
		1DF5F4DF0D08C38300B7A737 /* UIKit.framework */ = {isa = PBXFileReference; lastKnownFileType = wrapper.framework; name = UIKit.framework; path = System/Library/Frameworks/UIKit.framework; sourceTree = SDKROOT; };
		2892E40F0DC94CBA00A64D0F /* CoreGraphics.framework */ = {isa = PBXFileReference; lastKnownFileType = wrapper.framework; name = CoreGraphics.framework; path = System/Library/Frameworks/CoreGraphics.framework; sourceTree = SDKROOT; };
		28A0AAE50D9B0CCF005BE974 /* Rurimaphone_Prefix.pch */ = {isa = PBXFileReference; fileEncoding = 4; lastKnownFileType = sourcecode.c.h; path = Rurimaphone_Prefix.pch; sourceTree = "<group>"; };
		28AD735F0D9D9599002E5188 /* MainWindow.xib */ = {isa = PBXFileReference; lastKnownFileType = file.xib; path = MainWindow.xib; sourceTree = "<group>"; };
		28C286DF0D94DF7D0034E888 /* RootViewController.h */ = {isa = PBXFileReference; fileEncoding = 4; lastKnownFileType = sourcecode.c.h; path = RootViewController.h; sourceTree = "<group>"; };
		28C286E00D94DF7D0034E888 /* RootViewController.m */ = {isa = PBXFileReference; fileEncoding = 4; lastKnownFileType = sourcecode.c.objc; path = RootViewController.m; sourceTree = "<group>"; };
		28F335F01007B36200424DE2 /* RootViewController.xib */ = {isa = PBXFileReference; lastKnownFileType = file.xib; path = RootViewController.xib; sourceTree = "<group>"; };
		29B97316FDCFA39411CA2CEA /* main.m */ = {isa = PBXFileReference; fileEncoding = 4; lastKnownFileType = sourcecode.c.objc; path = main.m; sourceTree = "<group>"; };
		8D1107310486CEB800E47090 /* Rurimaphone-Info.plist */ = {isa = PBXFileReference; fileEncoding = 4; lastKnownFileType = text.plist.xml; path = "Rurimaphone-Info.plist"; plistStructureDefinitionIdentifier = "com.apple.xcode.plist.structure-definition.iphone.info-plist"; sourceTree = "<group>"; };
		922E0F221042CAF00066762C /* MethodViewController.h */ = {isa = PBXFileReference; fileEncoding = 4; lastKnownFileType = sourcecode.c.h; path = MethodViewController.h; sourceTree = "<group>"; };
		922E0F231042CAF00066762C /* MethodViewController.m */ = {isa = PBXFileReference; fileEncoding = 4; lastKnownFileType = sourcecode.c.objc; path = MethodViewController.m; sourceTree = "<group>"; };
		92342C39104312B80087A2CD /* CodeSearchResultViewController.h */ = {isa = PBXFileReference; fileEncoding = 4; lastKnownFileType = sourcecode.c.h; path = CodeSearchResultViewController.h; sourceTree = "<group>"; };
		92342C3A104312B80087A2CD /* CodeSearchResultViewController.m */ = {isa = PBXFileReference; fileEncoding = 4; lastKnownFileType = sourcecode.c.objc; path = CodeSearchResultViewController.m; sourceTree = "<group>"; };
		92342C66104314BC0087A2CD /* CodeSearchResultView.xib */ = {isa = PBXFileReference; lastKnownFileType = file.xib; path = CodeSearchResultView.xib; sourceTree = "<group>"; };
		92342C961043164D0087A2CD /* CodeSearchViewController.h */ = {isa = PBXFileReference; fileEncoding = 4; lastKnownFileType = sourcecode.c.h; path = CodeSearchViewController.h; sourceTree = "<group>"; };
		92342C971043164D0087A2CD /* CodeSearchViewController.m */ = {isa = PBXFileReference; fileEncoding = 4; lastKnownFileType = sourcecode.c.objc; path = CodeSearchViewController.m; sourceTree = "<group>"; };
		92342C981043164D0087A2CD /* CodeSearchViewController.xib */ = {isa = PBXFileReference; lastKnownFileType = file.xib; name = CodeSearchViewController.xib; path = Classes/CodeSearchViewController.xib; sourceTree = "<group>"; };
		92519262104360FC00F8627C /* 08-chat.png */ = {isa = PBXFileReference; lastKnownFileType = image.png; name = "08-chat.png"; path = "icons/icons/08-chat.png"; sourceTree = "<group>"; };
		925192661043612700F8627C /* 23-bird.png */ = {isa = PBXFileReference; lastKnownFileType = image.png; name = "23-bird.png"; path = "icons/icons/23-bird.png"; sourceTree = "<group>"; };
		925192681043613300F8627C /* 06-magnifying-glass.png */ = {isa = PBXFileReference; lastKnownFileType = image.png; name = "06-magnifying-glass.png"; path = "icons/icons/06-magnifying-glass.png"; sourceTree = "<group>"; };
		92519277104361E900F8627C /* TweetView.xib */ = {isa = PBXFileReference; lastKnownFileType = file.xib; path = TweetView.xib; sourceTree = "<group>"; };
		92519279104361F800F8627C /* TweetViewController.h */ = {isa = PBXFileReference; fileEncoding = 4; lastKnownFileType = sourcecode.c.h; path = TweetViewController.h; sourceTree = "<group>"; };
		9251927A104361F800F8627C /* TweetViewController.m */ = {isa = PBXFileReference; fileEncoding = 4; lastKnownFileType = sourcecode.c.objc; path = TweetViewController.m; sourceTree = "<group>"; };
		92BB0F101042F204008627CB /* RurimaIcon.png */ = {isa = PBXFileReference; lastKnownFileType = image.png; path = RurimaIcon.png; sourceTree = "<group>"; };
		92BB0F6210430035008627CB /* ClassView.xib */ = {isa = PBXFileReference; lastKnownFileType = file.xib; path = ClassView.xib; sourceTree = "<group>"; };
		92BB0F9A10430284008627CB /* MethodView.xib */ = {isa = PBXFileReference; lastKnownFileType = file.xib; path = MethodView.xib; sourceTree = "<group>"; };
		92BB0FED10430574008627CB /* Settings.bundle */ = {isa = PBXFileReference; lastKnownFileType = "wrapper.plug-in"; path = Settings.bundle; sourceTree = "<group>"; };
		B9BCA58A10428E3900ABFC42 /* Database.h */ = {isa = PBXFileReference; fileEncoding = 4; lastKnownFileType = sourcecode.c.h; path = Database.h; sourceTree = "<group>"; };
		B9BCA58B10428E3900ABFC42 /* Database.m */ = {isa = PBXFileReference; fileEncoding = 4; lastKnownFileType = sourcecode.c.objc; path = Database.m; sourceTree = "<group>"; };
		B9BCA6F01042A3CE00ABFC42 /* rurima.db */ = {isa = PBXFileReference; lastKnownFileType = file; name = rurima.db; path = db/rurima.db; sourceTree = "<group>"; };
		B9BCA71C1042A58200ABFC42 /* libsqlite3.dylib */ = {isa = PBXFileReference; lastKnownFileType = "compiled.mach-o.dylib"; name = libsqlite3.dylib; path = usr/lib/libsqlite3.dylib; sourceTree = SDKROOT; };
		B9BCA8091042AE1900ABFC42 /* ClassViewController.h */ = {isa = PBXFileReference; fileEncoding = 4; lastKnownFileType = sourcecode.c.h; path = ClassViewController.h; sourceTree = "<group>"; };
		B9BCA80A1042AE1900ABFC42 /* ClassViewController.m */ = {isa = PBXFileReference; fileEncoding = 4; lastKnownFileType = sourcecode.c.objc; path = ClassViewController.m; sourceTree = "<group>"; };
		B9F871F01043ED92003E00A1 /* TabbedMainWindow.xib */ = {isa = PBXFileReference; lastKnownFileType = file.xib; path = TabbedMainWindow.xib; sourceTree = "<group>"; };
		B9F871F21043EE79003E00A1 /* 69-display.png */ = {isa = PBXFileReference; lastKnownFileType = image.png; name = "69-display.png"; path = "icons/icons/69-display.png"; sourceTree = "<group>"; };
		B9F871F31043EEA4003E00A1 /* 98-palette.png */ = {isa = PBXFileReference; lastKnownFileType = image.png; name = "98-palette.png"; path = "icons/icons/98-palette.png"; sourceTree = "<group>"; };
		B9F871F41043EEA4003E00A1 /* 96-book.png */ = {isa = PBXFileReference; lastKnownFileType = image.png; name = "96-book.png"; path = "icons/icons/96-book.png"; sourceTree = "<group>"; };
		B9F871F51043EFB9003E00A1 /* editSample.png */ = {isa = PBXFileReference; lastKnownFileType = image.png; path = editSample.png; sourceTree = "<group>"; };
		B9F872031043F013003E00A1 /* ConceptDemo.app */ = {isa = PBXFileReference; explicitFileType = wrapper.application; includeInIndex = 0; path = ConceptDemo.app; sourceTree = BUILT_PRODUCTS_DIR; };
		B9F872051043F013003E00A1 /* ConceptDemo-Info.plist */ = {isa = PBXFileReference; lastKnownFileType = text.plist.xml; path = "ConceptDemo-Info.plist"; sourceTree = "<group>"; };
/* End PBXFileReference section */

/* Begin PBXFrameworksBuildPhase section */
		1D60588F0D05DD3D006BFB54 /* Frameworks */ = {
			isa = PBXFrameworksBuildPhase;
			buildActionMask = 2147483647;
			files = (
				1D60589F0D05DD5A006BFB54 /* Foundation.framework in Frameworks */,
				1DF5F4E00D08C38300B7A737 /* UIKit.framework in Frameworks */,
				2892E4100DC94CBA00A64D0F /* CoreGraphics.framework in Frameworks */,
				B9BCA71D1042A58200ABFC42 /* libsqlite3.dylib in Frameworks */,
			);
			runOnlyForDeploymentPostprocessing = 0;
		};
		B9F872011043F013003E00A1 /* Frameworks */ = {
			isa = PBXFrameworksBuildPhase;
			buildActionMask = 2147483647;
			files = (
			);
			runOnlyForDeploymentPostprocessing = 0;
		};
/* End PBXFrameworksBuildPhase section */

/* Begin PBXGroup section */
		080E96DDFE201D6D7F000001 /* Classes */ = {
			isa = PBXGroup;
			children = (
				B9BCA58A10428E3900ABFC42 /* Database.h */,
				B9BCA58B10428E3900ABFC42 /* Database.m */,
				1D3623240D0F684500981E51 /* RurimaphoneAppDelegate.h */,
				1D3623250D0F684500981E51 /* RurimaphoneAppDelegate.m */,
				28C286DF0D94DF7D0034E888 /* RootViewController.h */,
				28C286E00D94DF7D0034E888 /* RootViewController.m */,
				B9BCA8091042AE1900ABFC42 /* ClassViewController.h */,
				B9BCA80A1042AE1900ABFC42 /* ClassViewController.m */,
				922E0F221042CAF00066762C /* MethodViewController.h */,
				922E0F231042CAF00066762C /* MethodViewController.m */,
				92342C39104312B80087A2CD /* CodeSearchResultViewController.h */,
				92342C3A104312B80087A2CD /* CodeSearchResultViewController.m */,
				92342C961043164D0087A2CD /* CodeSearchViewController.h */,
				92342C971043164D0087A2CD /* CodeSearchViewController.m */,
				92519279104361F800F8627C /* TweetViewController.h */,
				9251927A104361F800F8627C /* TweetViewController.m */,
			);
			path = Classes;
			sourceTree = "<group>";
		};
		19C28FACFE9D520D11CA2CBB /* Products */ = {
			isa = PBXGroup;
			children = (
				1D6058910D05DD3D006BFB54 /* Rurimaphone.app */,
				B9F872031043F013003E00A1 /* ConceptDemo.app */,
			);
			name = Products;
			sourceTree = "<group>";
		};
		29B97314FDCFA39411CA2CEA /* CustomTemplate */ = {
			isa = PBXGroup;
			children = (
				080E96DDFE201D6D7F000001 /* Classes */,
				29B97315FDCFA39411CA2CEA /* Other Sources */,
				29B97317FDCFA39411CA2CEA /* Resources */,
				29B97323FDCFA39411CA2CEA /* Frameworks */,
				19C28FACFE9D520D11CA2CBB /* Products */,
				92BB0FED10430574008627CB /* Settings.bundle */,
				B9F872051043F013003E00A1 /* ConceptDemo-Info.plist */,
			);
			name = CustomTemplate;
			sourceTree = "<group>";
		};
		29B97315FDCFA39411CA2CEA /* Other Sources */ = {
			isa = PBXGroup;
			children = (
				28A0AAE50D9B0CCF005BE974 /* Rurimaphone_Prefix.pch */,
				29B97316FDCFA39411CA2CEA /* main.m */,
			);
			name = "Other Sources";
			sourceTree = "<group>";
		};
		29B97317FDCFA39411CA2CEA /* Resources */ = {
			isa = PBXGroup;
			children = (
				B9F871F51043EFB9003E00A1 /* editSample.png */,
				B9F871F31043EEA4003E00A1 /* 98-palette.png */,
				B9F871F41043EEA4003E00A1 /* 96-book.png */,
				B9F871F21043EE79003E00A1 /* 69-display.png */,
				925192681043613300F8627C /* 06-magnifying-glass.png */,
				925192661043612700F8627C /* 23-bird.png */,
				92519262104360FC00F8627C /* 08-chat.png */,
				92BB0F101042F204008627CB /* RurimaIcon.png */,
				B9BCA6F01042A3CE00ABFC42 /* rurima.db */,
				28F335F01007B36200424DE2 /* RootViewController.xib */,
				28AD735F0D9D9599002E5188 /* MainWindow.xib */,
				8D1107310486CEB800E47090 /* Rurimaphone-Info.plist */,
				92BB0F6210430035008627CB /* ClassView.xib */,
				92BB0F9A10430284008627CB /* MethodView.xib */,
				92342C66104314BC0087A2CD /* CodeSearchResultView.xib */,
				92342C981043164D0087A2CD /* CodeSearchViewController.xib */,
				92519277104361E900F8627C /* TweetView.xib */,
				B9F871F01043ED92003E00A1 /* TabbedMainWindow.xib */,
			);
			name = Resources;
			sourceTree = "<group>";
		};
		29B97323FDCFA39411CA2CEA /* Frameworks */ = {
			isa = PBXGroup;
			children = (
				B9BCA71C1042A58200ABFC42 /* libsqlite3.dylib */,
				1DF5F4DF0D08C38300B7A737 /* UIKit.framework */,
				1D30AB110D05D00D00671497 /* Foundation.framework */,
				2892E40F0DC94CBA00A64D0F /* CoreGraphics.framework */,
			);
			name = Frameworks;
			sourceTree = "<group>";
		};
/* End PBXGroup section */

/* Begin PBXNativeTarget section */
		1D6058900D05DD3D006BFB54 /* Rurimaphone */ = {
			isa = PBXNativeTarget;
			buildConfigurationList = 1D6058960D05DD3E006BFB54 /* Build configuration list for PBXNativeTarget "Rurimaphone" */;
			buildPhases = (
				1D60588D0D05DD3D006BFB54 /* Resources */,
				1D60588E0D05DD3D006BFB54 /* Sources */,
				1D60588F0D05DD3D006BFB54 /* Frameworks */,
			);
			buildRules = (
			);
			dependencies = (
			);
			name = Rurimaphone;
			productName = Rurimaphone;
			productReference = 1D6058910D05DD3D006BFB54 /* Rurimaphone.app */;
			productType = "com.apple.product-type.application";
		};
		B9F872021043F013003E00A1 /* ConceptDemo */ = {
			isa = PBXNativeTarget;
			buildConfigurationList = B9F872081043F015003E00A1 /* Build configuration list for PBXNativeTarget "ConceptDemo" */;
			buildPhases = (
				B9F871FF1043F013003E00A1 /* Resources */,
				B9F872001043F013003E00A1 /* Sources */,
				B9F872011043F013003E00A1 /* Frameworks */,
			);
			buildRules = (
			);
			dependencies = (
			);
			name = ConceptDemo;
			productName = ConceptDemo;
			productReference = B9F872031043F013003E00A1 /* ConceptDemo.app */;
			productType = "com.apple.product-type.application";
		};
/* End PBXNativeTarget section */

/* Begin PBXProject section */
		29B97313FDCFA39411CA2CEA /* Project object */ = {
			isa = PBXProject;
			buildConfigurationList = C01FCF4E08A954540054247B /* Build configuration list for PBXProject "Rurimaphone" */;
			compatibilityVersion = "Xcode 3.1";
			hasScannedForEncodings = 1;
			knownRegions = (
				English,
				Japanese,
				French,
				German,
				en,
			);
			mainGroup = 29B97314FDCFA39411CA2CEA /* CustomTemplate */;
			projectDirPath = "";
			projectRoot = "";
			targets = (
				1D6058900D05DD3D006BFB54 /* Rurimaphone */,
				B9F872021043F013003E00A1 /* ConceptDemo */,
			);
		};
/* End PBXProject section */

/* Begin PBXResourcesBuildPhase section */
		1D60588D0D05DD3D006BFB54 /* Resources */ = {
			isa = PBXResourcesBuildPhase;
			buildActionMask = 2147483647;
			files = (
				28AD73600D9D9599002E5188 /* MainWindow.xib in Resources */,
				28F335F11007B36200424DE2 /* RootViewController.xib in Resources */,
				B9BCA6F11042A3CE00ABFC42 /* rurima.db in Resources */,
				92BB0F111042F204008627CB /* RurimaIcon.png in Resources */,
				92BB0F6310430035008627CB /* ClassView.xib in Resources */,
				92BB0F9B10430284008627CB /* MethodView.xib in Resources */,
				92BB0FEE10430574008627CB /* Settings.bundle in Resources */,
				92342C67104314BC0087A2CD /* CodeSearchResultView.xib in Resources */,
				92342C9A1043164D0087A2CD /* CodeSearchViewController.xib in Resources */,
				92519263104360FC00F8627C /* 08-chat.png in Resources */,
				925192671043612700F8627C /* 23-bird.png in Resources */,
				925192691043613300F8627C /* 06-magnifying-glass.png in Resources */,
				92519278104361E900F8627C /* TweetView.xib in Resources */,
			);
			runOnlyForDeploymentPostprocessing = 0;
		};
		B9F871FF1043F013003E00A1 /* Resources */ = {
			isa = PBXResourcesBuildPhase;
			buildActionMask = 2147483647;
			files = (
				B9F872091043F01F003E00A1 /* 06-magnifying-glass.png in Resources */,
				B9F8720A1043F020003E00A1 /* 08-chat.png in Resources */,
				B9F8720B1043F021003E00A1 /* 23-bird.png in Resources */,
				B9F8720C1043F021003E00A1 /* 69-display.png in Resources */,
				B9F8720D1043F022003E00A1 /* 96-book.png in Resources */,
				B9F8720E1043F022003E00A1 /* 98-palette.png in Resources */,
				B9F8720F1043F024003E00A1 /* ClassView.xib in Resources */,
				B9F872101043F025003E00A1 /* CodeSearchResultView.xib in Resources */,
				B9F872111043F026003E00A1 /* CodeSearchViewController.xib in Resources */,
				B9F872121043F027003E00A1 /* editSample.png in Resources */,
				B9F872131043F027003E00A1 /* MainWindow.xib in Resources */,
				B9F872141043F028003E00A1 /* MethodView.xib in Resources */,
				B9F872151043F029003E00A1 /* RootViewController.xib in Resources */,
				B9F872161043F029003E00A1 /* rurima.db in Resources */,
				B9F872171043F02C003E00A1 /* RurimaIcon.png in Resources */,
				B9F872191043F02E003E00A1 /* TabbedMainWindow.xib in Resources */,
				B9F8721A1043F02F003E00A1 /* TweetView.xib in Resources */,
			);
			runOnlyForDeploymentPostprocessing = 0;
		};
/* End PBXResourcesBuildPhase section */

/* Begin PBXSourcesBuildPhase section */
		1D60588E0D05DD3D006BFB54 /* Sources */ = {
			isa = PBXSourcesBuildPhase;
			buildActionMask = 2147483647;
			files = (
				1D60589B0D05DD56006BFB54 /* main.m in Sources */,
				1D3623260D0F684500981E51 /* RurimaphoneAppDelegate.m in Sources */,
				28C286E10D94DF7D0034E888 /* RootViewController.m in Sources */,
				B9BCA58C10428E3900ABFC42 /* Database.m in Sources */,
				B9BCA80B1042AE1900ABFC42 /* ClassViewController.m in Sources */,
				922E0F241042CAF00066762C /* MethodViewController.m in Sources */,
				92342C3B104312B80087A2CD /* CodeSearchResultViewController.m in Sources */,
				92342C991043164D0087A2CD /* CodeSearchViewController.m in Sources */,
				9251927B104361F800F8627C /* TweetViewController.m in Sources */,
			);
			runOnlyForDeploymentPostprocessing = 0;
		};
		B9F872001043F013003E00A1 /* Sources */ = {
			isa = PBXSourcesBuildPhase;
			buildActionMask = 2147483647;
			files = (
			);
			runOnlyForDeploymentPostprocessing = 0;
		};
/* End PBXSourcesBuildPhase section */

/* Begin XCBuildConfiguration section */
		1D6058940D05DD3E006BFB54 /* Debug */ = {
			isa = XCBuildConfiguration;
			buildSettings = {
				ALWAYS_SEARCH_USER_PATHS = NO;
				COPY_PHASE_STRIP = NO;
				GCC_DYNAMIC_NO_PIC = NO;
				GCC_OPTIMIZATION_LEVEL = 0;
				GCC_PRECOMPILE_PREFIX_HEADER = YES;
				GCC_PREFIX_HEADER = Rurimaphone_Prefix.pch;
				INFOPLIST_FILE = "Rurimaphone-Info.plist";
				PRODUCT_NAME = Rurimaphone;
			};
			name = Debug;
		};
		1D6058950D05DD3E006BFB54 /* Release */ = {
			isa = XCBuildConfiguration;
			buildSettings = {
				ALWAYS_SEARCH_USER_PATHS = NO;
				COPY_PHASE_STRIP = YES;
				GCC_PRECOMPILE_PREFIX_HEADER = YES;
				GCC_PREFIX_HEADER = Rurimaphone_Prefix.pch;
				INFOPLIST_FILE = "Rurimaphone-Info.plist";
				PRODUCT_NAME = Rurimaphone;
			};
			name = Release;
		};
		B9F872061043F015003E00A1 /* Debug */ = {
			isa = XCBuildConfiguration;
			buildSettings = {
				ALWAYS_SEARCH_USER_PATHS = NO;
				CODE_SIGN_IDENTITY = "iPhone Developer";
				COPY_PHASE_STRIP = NO;
				GCC_DYNAMIC_NO_PIC = NO;
				GCC_OPTIMIZATION_LEVEL = 0;
				GCC_PRECOMPILE_PREFIX_HEADER = YES;
				GCC_PREFIX_HEADER = "$(SYSTEM_LIBRARY_DIR)/Frameworks/UIKit.framework/Headers/UIKit.h";
				INFOPLIST_FILE = "ConceptDemo-Info.plist";
				INSTALL_PATH = "$(HOME)/Applications";
				OTHER_LDFLAGS = (
					"-framework",
					Foundation,
					"-framework",
					UIKit,
				);
				PREBINDING = NO;
				PRODUCT_NAME = ConceptDemo;
				SDKROOT = iphoneos3.1;
			};
			name = Debug;
		};
		B9F872071043F015003E00A1 /* Release */ = {
			isa = XCBuildConfiguration;
			buildSettings = {
				ALWAYS_SEARCH_USER_PATHS = NO;
				CODE_SIGN_IDENTITY = "iPhone Developer";
				COPY_PHASE_STRIP = YES;
				DEBUG_INFORMATION_FORMAT = "dwarf-with-dsym";
				GCC_ENABLE_FIX_AND_CONTINUE = NO;
				GCC_PRECOMPILE_PREFIX_HEADER = YES;
				GCC_PREFIX_HEADER = "$(SYSTEM_LIBRARY_DIR)/Frameworks/UIKit.framework/Headers/UIKit.h";
				INFOPLIST_FILE = "ConceptDemo-Info.plist";
				INSTALL_PATH = "$(HOME)/Applications";
				OTHER_LDFLAGS = (
					"-framework",
					Foundation,
					"-framework",
					UIKit,
				);
				PREBINDING = NO;
				PRODUCT_NAME = ConceptDemo;
				SDKROOT = iphoneos3.1;
				ZERO_LINK = NO;
			};
			name = Release;
		};
		C01FCF4F08A954540054247B /* Debug */ = {
			isa = XCBuildConfiguration;
			buildSettings = {
				ARCHS = "$(ARCHS_STANDARD_32_BIT)";
				"CODE_SIGN_IDENTITY[sdk=iphoneos*]" = "iPhone Developer";
				GCC_C_LANGUAGE_STANDARD = c99;
				GCC_WARN_ABOUT_RETURN_TYPE = YES;
				GCC_WARN_UNUSED_VARIABLE = YES;
				PREBINDING = NO;
				SDKROOT = iphoneos3.1;
			};
			name = Debug;
		};
		C01FCF5008A954540054247B /* Release */ = {
			isa = XCBuildConfiguration;
			buildSettings = {
				ARCHS = "$(ARCHS_STANDARD_32_BIT)";
				"CODE_SIGN_IDENTITY[sdk=iphoneos*]" = "iPhone Developer";
				GCC_C_LANGUAGE_STANDARD = c99;
				GCC_WARN_ABOUT_RETURN_TYPE = YES;
				GCC_WARN_UNUSED_VARIABLE = YES;
				PREBINDING = NO;
				SDKROOT = iphoneos3.1;
			};
			name = Release;
		};
/* End XCBuildConfiguration section */

/* Begin XCConfigurationList section */
		1D6058960D05DD3E006BFB54 /* Build configuration list for PBXNativeTarget "Rurimaphone" */ = {
			isa = XCConfigurationList;
			buildConfigurations = (
				1D6058940D05DD3E006BFB54 /* Debug */,
				1D6058950D05DD3E006BFB54 /* Release */,
			);
			defaultConfigurationIsVisible = 0;
			defaultConfigurationName = Release;
		};
		B9F872081043F015003E00A1 /* Build configuration list for PBXNativeTarget "ConceptDemo" */ = {
			isa = XCConfigurationList;
			buildConfigurations = (
				B9F872061043F015003E00A1 /* Debug */,
				B9F872071043F015003E00A1 /* Release */,
			);
			defaultConfigurationIsVisible = 0;
			defaultConfigurationName = Release;
		};
		C01FCF4E08A954540054247B /* Build configuration list for PBXProject "Rurimaphone" */ = {
			isa = XCConfigurationList;
			buildConfigurations = (
				C01FCF4F08A954540054247B /* Debug */,
				C01FCF5008A954540054247B /* Release */,
			);
			defaultConfigurationIsVisible = 0;
			defaultConfigurationName = Release;
		};
/* End XCConfigurationList section */
	};
	rootObject = 29B97313FDCFA39411CA2CEA /* Project object */;
}
